{
  "nodes": {
    "devshell": {
      "inputs": {
        "nixpkgs": [
          "nixpkgs"
        ]
      },
      "locked": {
        "dir": "devshell",
        "lastModified": 1743598597,
        "narHash": "sha256-cy/ruOeufezwDWQ+hk/3twxsYFE71012Z62vmXIqCP4=",
        "owner": "rfhayashi",
        "repo": "devshells",
        "rev": "65a7b936beca5474be964a018a4987e547334d62",
        "type": "github"
      },
      "original": {
        "dir": "devshell",
        "owner": "rfhayashi",
        "repo": "devshells",
        "type": "github"
      }
    },
    "emacs": {
      "inputs": {
        "flake-parts": "flake-parts",
        "nixpkgs": [
          "nixpkgs"
        ]
      },
      "locked": {
        "lastModified": 1750772897,
        "narHash": "sha256-kgbrH86uVlDnSAcf0zLRt7axho0r8P/ol3fOTd1r4iY=",
        "owner": "rfhayashi",
        "repo": "emacs.d",
        "rev": "7a03ff3612d38008a67f28b8edb0d827305926a2",
        "type": "github"
      },
      "original": {
        "owner": "rfhayashi",
        "repo": "emacs.d",
        "type": "github"
      }
    },
    "flake-parts": {
      "inputs": {
        "nixpkgs-lib": "nixpkgs-lib"
      },
      "locked": {
        "lastModified": 1743550720,
        "narHash": "sha256-hIshGgKZCgWh6AYJpJmRgFdR3WUbkY04o82X05xqQiY=",
        "owner": "hercules-ci",
        "repo": "flake-parts",
        "rev": "c621e8422220273271f52058f618c94e405bb0f5",
        "type": "github"
      },
      "original": {
        "owner": "hercules-ci",
        "repo": "flake-parts",
        "type": "github"
      }
    },
    "home-manager": {
      "inputs": {
        "nixpkgs": [
          "nixpkgs"
        ]
      },
      "locked": {
        "lastModified": 1753617834,
        "narHash": "sha256-WEVfKrdIdu5CpppJ0Va3vzP0DKlS+ZTLbBjugMO2Drg=",
        "owner": "nix-community",
        "repo": "home-manager",
        "rev": "72cc1e3134a35005006f06640724319caa424737",
        "type": "github"
      },
      "original": {
        "owner": "nix-community",
        "ref": "master",
        "repo": "home-manager",
        "type": "github"
      }
    },
    "nixpkgs": {
      "locked": {
        "lastModified": 1753383061,
        "narHash": "sha256-X64iC7g2otodYhwLgFlkze/v29WOpg2KLcrLmhoBcsc=",
        "owner": "NixOS",
        "repo": "nixpkgs",
        "rev": "fd184703dbf88a9c1f90fe1da6e3dc825c57341b",
        "type": "github"
      },
      "original": {
        "owner": "NixOS",
        "repo": "nixpkgs",
        "rev": "fd184703dbf88a9c1f90fe1da6e3dc825c57341b",
        "type": "github"
      }
    },
    "nixpkgs-lib": {
      "locked": {
        "lastModified": 1743296961,
        "narHash": "sha256-b1EdN3cULCqtorQ4QeWgLMrd5ZGOjLSLemfa00heasc=",
        "owner": "nix-community",
        "repo": "nixpkgs.lib",
        "rev": "e4822aea2a6d1cdd36653c134cacfd64c97ff4fa",
        "type": "github"
      },
      "original": {
        "owner": "nix-community",
        "repo": "nixpkgs.lib",
        "type": "github"
      }
    },
    "nixpkgs_2": {
      "locked": {
        "lastModified": 1744868846,
        "narHash": "sha256-5RJTdUHDmj12Qsv7XOhuospjAjATNiTMElplWnJE9Hs=",
        "owner": "NixOS",
        "repo": "nixpkgs",
        "rev": "ebe4301cbd8f81c4f8d3244b3632338bbeb6d49c",
        "type": "github"
      },
      "original": {
        "owner": "NixOS",
        "ref": "nixpkgs-unstable",
        "repo": "nixpkgs",
        "type": "github"
      }
    },
    "root": {
      "inputs": {
        "devshell": "devshell",
        "emacs": "emacs",
        "home-manager": "home-manager",
        "nixpkgs": "nixpkgs",
        "sops-nix": "sops-nix"
      }
    },
    "sops-nix": {
      "inputs": {
        "nixpkgs": "nixpkgs_2"
      },
      "locked": {
        "lastModified": 1752544651,
        "narHash": "sha256-GllP7cmQu7zLZTs9z0J2gIL42IZHa9CBEXwBY9szT0U=",
        "owner": "Mic92",
        "repo": "sops-nix",
        "rev": "2c8def626f54708a9c38a5861866660395bb3461",
        "type": "github"
      },
      "original": {
        "owner": "Mic92",
        "repo": "sops-nix",
        "type": "github"
      }
    }
  },
  "root": "root",
  "version": 7
}
